
Microsoft Visual Studio Solution File, Format Version 11.00
# Visual Studio 2010
Project("{FAE04EC0-301F-11D3-BF4B-00C04F79EFBC}") = "GotFour.Windsor", "GotFour.Windsor\GotFour.Windsor.csproj", "{D4D1A16C-B25A-4225-A14C-018C829AD670}"
EndProject
Project("{FAE04EC0-301F-11D3-BF4B-00C04F79EFBC}") = "GotFour.Windsor.Tests", "GotFour.Windsor.Tests\GotFour.Windsor.Tests.csproj", "{2C4EED90-9567-4AA5-9171-10E09E4C59AB}"
EndProject
Global
	GlobalSection(SolutionConfigurationPlatforms) = preSolution
		Debug|Any CPU = Debug|Any CPU
		Release|Any CPU = Release|Any CPU
	EndGlobalSection
	GlobalSection(ProjectConfigurationPlatforms) = postSolution
		{D4D1A16C-B25A-4225-A14C-018C829AD670}.Debug|Any CPU.ActiveCfg = Debug|Any CPU
		{D4D1A16C-B25A-4225-A14C-018C829AD670}.Debug|Any CPU.Build.0 = Debug|Any CPU
		{D4D1A16C-B25A-4225-A14C-018C829AD670}.Release|Any CPU.ActiveCfg = Release|Any CPU
		{D4D1A16C-B25A-4225-A14C-018C829AD670}.Release|Any CPU.Build.0 = Release|Any CPU
		{2C4EED90-9567-4AA5-9171-10E09E4C59AB}.Debug|Any CPU.ActiveCfg = Debug|Any CPU
		{2C4EED90-9567-4AA5-9171-10E09E4C59AB}.Debug|Any CPU.Build.0 = Debug|Any CPU
		{2C4EED90-9567-4AA5-9171-10E09E4C59AB}.Release|Any CPU.ActiveCfg = Release|Any CPU
		{2C4EED90-9567-4AA5-9171-10E09E4C59AB}.Release|Any CPU.Build.0 = Release|Any CPU
	EndGlobalSection
	GlobalSection(SolutionProperties) = preSolution
		HideSolutionNode = FALSE
	EndGlobalSection
EndGlobal
